
Microsoft Visual Studio Solution File, Format Version 12.00
# Visual Studio Version 17
VisualStudioVersion = 17.10.35122.118
MinimumVisualStudioVersion = 10.0.40219.1
Project("{FAE04EC0-301F-11D3-BF4B-00C04F79EFBC}") = "numberguessinggame", "numberguessinggame.csproj", "{42AD2D08-53E5-4DDA-BEF8-819BB0711451}"
EndProject
Global
	GlobalSection(SolutionConfigurationPlatforms) = preSolution
		Debug|Any CPU = Debug|Any CPU
		Release|Any CPU = Release|Any CPU
	EndGlobalSection
	GlobalSection(ProjectConfigurationPlatforms) = postSolution
		{42AD2D08-53E5-4DDA-BEF8-819BB0711451}.Debug|Any CPU.ActiveCfg = Debug|Any CPU
		{42AD2D08-53E5-4DDA-BEF8-819BB0711451}.Debug|Any CPU.Build.0 = Debug|Any CPU
		{42AD2D08-53E5-4DDA-BEF8-819BB0711451}.Release|Any CPU.ActiveCfg = Release|Any CPU
		{42AD2D08-53E5-4DDA-BEF8-819BB0711451}.Release|Any CPU.Build.0 = Release|Any CPU
	EndGlobalSection
	GlobalSection(SolutionProperties) = preSolution
		HideSolutionNode = FALSE
	EndGlobalSection
	GlobalSection(ExtensibilityGlobals) = postSolution
		SolutionGuid = {CB47A608-5482-46BE-B90D-39B261625BB9}
	EndGlobalSection
EndGlobal
